
Microsoft Visual Studio Solution File, Format Version 12.00
# Visual Studio Version 16
VisualStudioVersion = 25.0.1706.4
MinimumVisualStudioVersion = 10.0.40219.1
Project("{FAE04EC0-301F-11D3-BF4B-00C04F79EFBC}") = "253501_Maliush_Lab7", "253501_Maliush_Lab7\253501_Maliush_Lab7.csproj", "{D6D90B65-0331-4A1B-A0BC-E9DB186859A8}"
EndProject
Project("{FAE04EC0-301F-11D3-BF4B-00C04F79EFBC}") = "ClassLibrary", "ClassLibrary\ClassLibrary.csproj", "{B2247559-7269-45A8-BEE1-D9E1EAC0916F}"
EndProject
Global
	GlobalSection(SolutionConfigurationPlatforms) = preSolution
		Debug|Any CPU = Debug|Any CPU
		Release|Any CPU = Release|Any CPU
	EndGlobalSection
	GlobalSection(ProjectConfigurationPlatforms) = postSolution
		{D6D90B65-0331-4A1B-A0BC-E9DB186859A8}.Debug|Any CPU.ActiveCfg = Debug|Any CPU
		{D6D90B65-0331-4A1B-A0BC-E9DB186859A8}.Debug|Any CPU.Build.0 = Debug|Any CPU
		{D6D90B65-0331-4A1B-A0BC-E9DB186859A8}.Release|Any CPU.ActiveCfg = Release|Any CPU
		{D6D90B65-0331-4A1B-A0BC-E9DB186859A8}.Release|Any CPU.Build.0 = Release|Any CPU
		{B2247559-7269-45A8-BEE1-D9E1EAC0916F}.Debug|Any CPU.ActiveCfg = Debug|Any CPU
		{B2247559-7269-45A8-BEE1-D9E1EAC0916F}.Debug|Any CPU.Build.0 = Debug|Any CPU
		{B2247559-7269-45A8-BEE1-D9E1EAC0916F}.Release|Any CPU.ActiveCfg = Release|Any CPU
		{B2247559-7269-45A8-BEE1-D9E1EAC0916F}.Release|Any CPU.Build.0 = Release|Any CPU
	EndGlobalSection
	GlobalSection(SolutionProperties) = preSolution
		HideSolutionNode = FALSE
	EndGlobalSection
	GlobalSection(ExtensibilityGlobals) = postSolution
		SolutionGuid = {9D274409-BA98-4675-8102-EB90955816B8}
	EndGlobalSection
EndGlobal
